
Microsoft Visual Studio Solution File, Format Version 12.00
# Visual Studio Version 17
VisualStudioVersion = 17.4.33103.184
MinimumVisualStudioVersion = 10.0.40219.1
Project("{FAE04EC0-301F-11D3-BF4B-00C04F79EFBC}") = "Greystone.OnbaseUploadService", "Greystone.OnbaseUploadService\Greystone.OnbaseUploadService.csproj", "{F49DFC6D-D948-42DF-AF2C-4AAE7E1B8F5A}"
EndProject
Global
	GlobalSection(SolutionConfigurationPlatforms) = preSolution
		Debug|Any CPU = Debug|Any CPU
		Release|Any CPU = Release|Any CPU
	EndGlobalSection
	GlobalSection(ProjectConfigurationPlatforms) = postSolution
		{F49DFC6D-D948-42DF-AF2C-4AAE7E1B8F5A}.Debug|Any CPU.ActiveCfg = Debug|Any CPU
		{F49DFC6D-D948-42DF-AF2C-4AAE7E1B8F5A}.Debug|Any CPU.Build.0 = Debug|Any CPU
		{F49DFC6D-D948-42DF-AF2C-4AAE7E1B8F5A}.Release|Any CPU.ActiveCfg = Release|Any CPU
		{F49DFC6D-D948-42DF-AF2C-4AAE7E1B8F5A}.Release|Any CPU.Build.0 = Release|Any CPU
	EndGlobalSection
	GlobalSection(SolutionProperties) = preSolution
		HideSolutionNode = FALSE
	EndGlobalSection
	GlobalSection(ExtensibilityGlobals) = postSolution
		SolutionGuid = {1A4454D1-6B5A-4E0B-B641-7D1EE94F8247}
	EndGlobalSection
EndGlobal
